
Microsoft Visual Studio Solution File, Format Version 12.00
# Visual Studio Version 17
VisualStudioVersion = 17.7.34031.279
MinimumVisualStudioVersion = 10.0.40219.1
Project("{54A90642-561A-4BB1-A94E-469ADEE60C69}") = "reactapp", "reactapp\reactapp.esproj", "{F04BEF4F-D462-476B-A563-A86297877174}"
EndProject
Project("{9A19103F-16F7-4668-BE54-9A1E7A4F7556}") = "webapi", "webapi\webapi.csproj", "{0FA29A98-1143-4941-8F9D-3B531AAA6A52}"
EndProject
Project("{FAE04EC0-301F-11D3-BF4B-00C04F79EFBC}") = "dal", "dal\dal.csproj", "{DF2994D5-77A1-42CF-ACD4-153FECAC81B8}"
EndProject
Project("{FAE04EC0-301F-11D3-BF4B-00C04F79EFBC}") = "bll", "bll\bll.csproj", "{E555463B-20D2-464A-A0AD-04C1E9FB9AE7}"
EndProject
Global
	GlobalSection(SolutionConfigurationPlatforms) = preSolution
		Debug|Any CPU = Debug|Any CPU
		Release|Any CPU = Release|Any CPU
	EndGlobalSection
	GlobalSection(ProjectConfigurationPlatforms) = postSolution
		{F04BEF4F-D462-476B-A563-A86297877174}.Debug|Any CPU.ActiveCfg = Debug|Any CPU
		{F04BEF4F-D462-476B-A563-A86297877174}.Debug|Any CPU.Build.0 = Debug|Any CPU
		{F04BEF4F-D462-476B-A563-A86297877174}.Debug|Any CPU.Deploy.0 = Debug|Any CPU
		{F04BEF4F-D462-476B-A563-A86297877174}.Release|Any CPU.ActiveCfg = Release|Any CPU
		{F04BEF4F-D462-476B-A563-A86297877174}.Release|Any CPU.Build.0 = Release|Any CPU
		{F04BEF4F-D462-476B-A563-A86297877174}.Release|Any CPU.Deploy.0 = Release|Any CPU
		{0FA29A98-1143-4941-8F9D-3B531AAA6A52}.Debug|Any CPU.ActiveCfg = Debug|Any CPU
		{0FA29A98-1143-4941-8F9D-3B531AAA6A52}.Debug|Any CPU.Build.0 = Debug|Any CPU
		{0FA29A98-1143-4941-8F9D-3B531AAA6A52}.Release|Any CPU.ActiveCfg = Release|Any CPU
		{0FA29A98-1143-4941-8F9D-3B531AAA6A52}.Release|Any CPU.Build.0 = Release|Any CPU
		{DF2994D5-77A1-42CF-ACD4-153FECAC81B8}.Debug|Any CPU.ActiveCfg = Debug|Any CPU
		{DF2994D5-77A1-42CF-ACD4-153FECAC81B8}.Debug|Any CPU.Build.0 = Debug|Any CPU
		{DF2994D5-77A1-42CF-ACD4-153FECAC81B8}.Release|Any CPU.ActiveCfg = Release|Any CPU
		{DF2994D5-77A1-42CF-ACD4-153FECAC81B8}.Release|Any CPU.Build.0 = Release|Any CPU
		{E555463B-20D2-464A-A0AD-04C1E9FB9AE7}.Debug|Any CPU.ActiveCfg = Debug|Any CPU
		{E555463B-20D2-464A-A0AD-04C1E9FB9AE7}.Debug|Any CPU.Build.0 = Debug|Any CPU
		{E555463B-20D2-464A-A0AD-04C1E9FB9AE7}.Release|Any CPU.ActiveCfg = Release|Any CPU
		{E555463B-20D2-464A-A0AD-04C1E9FB9AE7}.Release|Any CPU.Build.0 = Release|Any CPU
	EndGlobalSection
	GlobalSection(SolutionProperties) = preSolution
		HideSolutionNode = FALSE
	EndGlobalSection
	GlobalSection(ExtensibilityGlobals) = postSolution
		SolutionGuid = {089314F8-69A5-4590-A49A-3170F6D15212}
	EndGlobalSection
EndGlobal
